// !$*UTF8*$!
{
	archiveVersion = 1;
	classes = {
	};
	objectVersion = 48;
	objects = {

/* Begin PBXBuildFile section */
		4A6D663E778C59E5873091BD /* Pods_Todoey.framework in Frameworks */ = {isa = PBXBuildFile; fileRef = 4D0CB75875A28C69C9658A14 /* Pods_Todoey.framework */; };
		C307CA3120290AAC0025E6C7 /* AppDelegate.swift in Sources */ = {isa = PBXBuildFile; fileRef = C307CA3020290AAC0025E6C7 /* AppDelegate.swift */; };
		C307CA3320290AAC0025E6C7 /* TodoListViewController.swift in Sources */ = {isa = PBXBuildFile; fileRef = C307CA3220290AAC0025E6C7 /* TodoListViewController.swift */; };
		C307CA3620290AAC0025E6C7 /* Main.storyboard in Resources */ = {isa = PBXBuildFile; fileRef = C307CA3420290AAC0025E6C7 /* Main.storyboard */; };
		C307CA3820290AAC0025E6C7 /* Assets.xcassets in Resources */ = {isa = PBXBuildFile; fileRef = C307CA3720290AAC0025E6C7 /* Assets.xcassets */; };
		C307CA3B20290AAC0025E6C7 /* LaunchScreen.storyboard in Resources */ = {isa = PBXBuildFile; fileRef = C307CA3920290AAC0025E6C7 /* LaunchScreen.storyboard */; };
		C3CFAD10202E298B00AA4907 /* CategoryViewController.swift in Sources */ = {isa = PBXBuildFile; fileRef = C3CFAD0F202E298B00AA4907 /* CategoryViewController.swift */; };
		C3CFAD14202E558500AA4907 /* Item.swift in Sources */ = {isa = PBXBuildFile; fileRef = C3CFAD13202E558500AA4907 /* Item.swift */; };
		C3CFAD16202E558D00AA4907 /* Category.swift in Sources */ = {isa = PBXBuildFile; fileRef = C3CFAD15202E558D00AA4907 /* Category.swift */; };
/* End PBXBuildFile section */

/* Begin PBXFileReference section */
		4D0CB75875A28C69C9658A14 /* Pods_Todoey.framework */ = {isa = PBXFileReference; explicitFileType = wrapper.framework; includeInIndex = 0; path = Pods_Todoey.framework; sourceTree = BUILT_PRODUCTS_DIR; };
		58A5D3060ABFC82339644875 /* Pods-Todoey.debug.xcconfig */ = {isa = PBXFileReference; includeInIndex = 1; lastKnownFileType = text.xcconfig; name = "Pods-Todoey.debug.xcconfig"; path = "Pods/Target Support Files/Pods-Todoey/Pods-Todoey.debug.xcconfig"; sourceTree = "<group>"; };
		C307CA2D20290AAC0025E6C7 /* Todoey.app */ = {isa = PBXFileReference; explicitFileType = wrapper.application; includeInIndex = 0; path = Todoey.app; sourceTree = BUILT_PRODUCTS_DIR; };
		C307CA3020290AAC0025E6C7 /* AppDelegate.swift */ = {isa = PBXFileReference; lastKnownFileType = sourcecode.swift; path = AppDelegate.swift; sourceTree = "<group>"; };
		C307CA3220290AAC0025E6C7 /* TodoListViewController.swift */ = {isa = PBXFileReference; lastKnownFileType = sourcecode.swift; path = TodoListViewController.swift; sourceTree = "<group>"; };
		C307CA3520290AAC0025E6C7 /* Base */ = {isa = PBXFileReference; lastKnownFileType = file.storyboard; name = Base; path = Base.lproj/Main.storyboard; sourceTree = "<group>"; };
		C307CA3720290AAC0025E6C7 /* Assets.xcassets */ = {isa = PBXFileReference; lastKnownFileType = folder.assetcatalog; path = Assets.xcassets; sourceTree = "<group>"; };
		C307CA3A20290AAC0025E6C7 /* Base */ = {isa = PBXFileReference; lastKnownFileType = file.storyboard; name = Base; path = Base.lproj/LaunchScreen.storyboard; sourceTree = "<group>"; };
		C307CA3C20290AAC0025E6C7 /* Info.plist */ = {isa = PBXFileReference; lastKnownFileType = text.plist.xml; path = Info.plist; sourceTree = "<group>"; };
		C3CFAD0F202E298B00AA4907 /* CategoryViewController.swift */ = {isa = PBXFileReference; lastKnownFileType = sourcecode.swift; path = CategoryViewController.swift; sourceTree = "<group>"; };
		C3CFAD13202E558500AA4907 /* Item.swift */ = {isa = PBXFileReference; lastKnownFileType = sourcecode.swift; path = Item.swift; sourceTree = "<group>"; };
		C3CFAD15202E558D00AA4907 /* Category.swift */ = {isa = PBXFileReference; lastKnownFileType = sourcecode.swift; path = Category.swift; sourceTree = "<group>"; };
		EA3EC8B055DE15D43B2AD5A3 /* Pods-Todoey.release.xcconfig */ = {isa = PBXFileReference; includeInIndex = 1; lastKnownFileType = text.xcconfig; name = "Pods-Todoey.release.xcconfig"; path = "Pods/Target Support Files/Pods-Todoey/Pods-Todoey.release.xcconfig"; sourceTree = "<group>"; };
/* End PBXFileReference section */

/* Begin PBXFrameworksBuildPhase section */
		C307CA2A20290AAC0025E6C7 /* Frameworks */ = {
			isa = PBXFrameworksBuildPhase;
			buildActionMask = 2147483647;
			files = (
				4A6D663E778C59E5873091BD /* Pods_Todoey.framework in Frameworks */,
			);
			runOnlyForDeploymentPostprocessing = 0;
		};
/* End PBXFrameworksBuildPhase section */

/* Begin PBXGroup section */
		A2587AE04B66AA015D9E340B /* Pods */ = {
			isa = PBXGroup;
			children = (
				58A5D3060ABFC82339644875 /* Pods-Todoey.debug.xcconfig */,
				EA3EC8B055DE15D43B2AD5A3 /* Pods-Todoey.release.xcconfig */,
			);
			name = Pods;
			sourceTree = "<group>";
		};
		BE513C9392DB58281CB9C2EA /* Frameworks */ = {
			isa = PBXGroup;
			children = (
				4D0CB75875A28C69C9658A14 /* Pods_Todoey.framework */,
			);
			name = Frameworks;
			sourceTree = "<group>";
		};
		C307CA2420290AAC0025E6C7 = {
			isa = PBXGroup;
			children = (
				C307CA2F20290AAC0025E6C7 /* Todoey */,
				C307CA2E20290AAC0025E6C7 /* Products */,
				A2587AE04B66AA015D9E340B /* Pods */,
				BE513C9392DB58281CB9C2EA /* Frameworks */,
			);
			sourceTree = "<group>";
		};
		C307CA2E20290AAC0025E6C7 /* Products */ = {
			isa = PBXGroup;
			children = (
				C307CA2D20290AAC0025E6C7 /* Todoey.app */,
			);
			name = Products;
			sourceTree = "<group>";
		};
		C307CA2F20290AAC0025E6C7 /* Todoey */ = {
			isa = PBXGroup;
			children = (
				C307CA3020290AAC0025E6C7 /* AppDelegate.swift */,
				C3CFAD0C202E244E00AA4907 /* Controllers */,
				C351CAF720296A18001CA90F /* Data Model */,
				C307CA3420290AAC0025E6C7 /* Main.storyboard */,
				C307CA3720290AAC0025E6C7 /* Assets.xcassets */,
				C307CA3920290AAC0025E6C7 /* LaunchScreen.storyboard */,
				C307CA3C20290AAC0025E6C7 /* Info.plist */,
			);
			path = Todoey;
			sourceTree = "<group>";
		};
		C351CAF720296A18001CA90F /* Data Model */ = {
			isa = PBXGroup;
			children = (
				C3CFAD15202E558D00AA4907 /* Category.swift */,
				C3CFAD13202E558500AA4907 /* Item.swift */,
			);
			path = "Data Model";
			sourceTree = "<group>";
		};
		C3CFAD0C202E244E00AA4907 /* Controllers */ = {
			isa = PBXGroup;
			children = (
				C3CFAD0F202E298B00AA4907 /* CategoryViewController.swift */,
				C307CA3220290AAC0025E6C7 /* TodoListViewController.swift */,
			);
			path = Controllers;
			sourceTree = "<group>";
		};
/* End PBXGroup section */

/* Begin PBXNativeTarget section */
		C307CA2C20290AAC0025E6C7 /* Todoey */ = {
			isa = PBXNativeTarget;
			buildConfigurationList = C307CA3F20290AAC0025E6C7 /* Build configuration list for PBXNativeTarget "Todoey" */;
			buildPhases = (
				80D740249EA97F0657355C30 /* [CP] Check Pods Manifest.lock */,
				C307CA2920290AAC0025E6C7 /* Sources */,
				C307CA2A20290AAC0025E6C7 /* Frameworks */,
				C307CA2B20290AAC0025E6C7 /* Resources */,
				34F848F2467087D3406F575B /* [CP] Embed Pods Frameworks */,
				D961408BEBFD33E3CF6EDC29 /* [CP] Copy Pods Resources */,
			);
			buildRules = (
			);
			dependencies = (
			);
			name = Todoey;
			productName = Todoey;
			productReference = C307CA2D20290AAC0025E6C7 /* Todoey.app */;
			productType = "com.apple.product-type.application";
		};
/* End PBXNativeTarget section */

/* Begin PBXProject section */
		C307CA2520290AAC0025E6C7 /* Project object */ = {
			isa = PBXProject;
			attributes = {
				LastSwiftUpdateCheck = 0920;
				LastUpgradeCheck = 0920;
				ORGANIZATIONNAME = Administrator;
				TargetAttributes = {
					C307CA2C20290AAC0025E6C7 = {
						CreatedOnToolsVersion = 9.2;
						ProvisioningStyle = Automatic;
					};
				};
			};
			buildConfigurationList = C307CA2820290AAC0025E6C7 /* Build configuration list for PBXProject "Todoey" */;
			compatibilityVersion = "Xcode 8.0";
			developmentRegion = en;
			hasScannedForEncodings = 0;
			knownRegions = (
				en,
				Base,
			);
			mainGroup = C307CA2420290AAC0025E6C7;
			productRefGroup = C307CA2E20290AAC0025E6C7 /* Products */;
			projectDirPath = "";
			projectRoot = "";
			targets = (
				C307CA2C20290AAC0025E6C7 /* Todoey */,
			);
		};
/* End PBXProject section */

/* Begin PBXResourcesBuildPhase section */
		C307CA2B20290AAC0025E6C7 /* Resources */ = {
			isa = PBXResourcesBuildPhase;
			buildActionMask = 2147483647;
			files = (
				C307CA3B20290AAC0025E6C7 /* LaunchScreen.storyboard in Resources */,
				C307CA3820290AAC0025E6C7 /* Assets.xcassets in Resources */,
				C307CA3620290AAC0025E6C7 /* Main.storyboard in Resources */,
			);
			runOnlyForDeploymentPostprocessing = 0;
		};
/* End PBXResourcesBuildPhase section */

/* Begin PBXShellScriptBuildPhase section */
		34F848F2467087D3406F575B /* [CP] Embed Pods Frameworks */ = {
			isa = PBXShellScriptBuildPhase;
			buildActionMask = 2147483647;
			files = (
			);
			inputPaths = (
				"${SRCROOT}/Pods/Target Support Files/Pods-Todoey/Pods-Todoey-frameworks.sh",
				"${BUILT_PRODUCTS_DIR}/Realm/Realm.framework",
				"${BUILT_PRODUCTS_DIR}/RealmSwift/RealmSwift.framework",
			);
			name = "[CP] Embed Pods Frameworks";
			outputPaths = (
				"${TARGET_BUILD_DIR}/${FRAMEWORKS_FOLDER_PATH}/Realm.framework",
				"${TARGET_BUILD_DIR}/${FRAMEWORKS_FOLDER_PATH}/RealmSwift.framework",
			);
			runOnlyForDeploymentPostprocessing = 0;
			shellPath = /bin/sh;
			shellScript = "\"${SRCROOT}/Pods/Target Support Files/Pods-Todoey/Pods-Todoey-frameworks.sh\"\n";
			showEnvVarsInLog = 0;
		};
		80D740249EA97F0657355C30 /* [CP] Check Pods Manifest.lock */ = {
			isa = PBXShellScriptBuildPhase;
			buildActionMask = 2147483647;
			files = (
			);
			inputPaths = (
				"${PODS_PODFILE_DIR_PATH}/Podfile.lock",
				"${PODS_ROOT}/Manifest.lock",
			);
			name = "[CP] Check Pods Manifest.lock";
			outputPaths = (
				"$(DERIVED_FILE_DIR)/Pods-Todoey-checkManifestLockResult.txt",
			);
			runOnlyForDeploymentPostprocessing = 0;
			shellPath = /bin/sh;
			shellScript = "diff \"${PODS_PODFILE_DIR_PATH}/Podfile.lock\" \"${PODS_ROOT}/Manifest.lock\" > /dev/null\nif [ $? != 0 ] ; then\n    # print error to STDERR\n    echo \"error: The sandbox is not in sync with the Podfile.lock. Run 'pod install' or update your CocoaPods installation.\" >&2\n    exit 1\nfi\n# This output is used by Xcode 'outputs' to avoid re-running this script phase.\necho \"SUCCESS\" > \"${SCRIPT_OUTPUT_FILE_0}\"\n";
			showEnvVarsInLog = 0;
		};
		D961408BEBFD33E3CF6EDC29 /* [CP] Copy Pods Resources */ = {
			isa = PBXShellScriptBuildPhase;
			buildActionMask = 2147483647;
			files = (
			);
			inputPaths = (
			);
			name = "[CP] Copy Pods Resources";
			outputPaths = (
			);
			runOnlyForDeploymentPostprocessing = 0;
			shellPath = /bin/sh;
			shellScript = "\"${SRCROOT}/Pods/Target Support Files/Pods-Todoey/Pods-Todoey-resources.sh\"\n";
			showEnvVarsInLog = 0;
		};
/* End PBXShellScriptBuildPhase section */

/* Begin PBXSourcesBuildPhase section */
		C307CA2920290AAC0025E6C7 /* Sources */ = {
			isa = PBXSourcesBuildPhase;
			buildActionMask = 2147483647;
			files = (
				C3CFAD14202E558500AA4907 /* Item.swift in Sources */,
				C3CFAD10202E298B00AA4907 /* CategoryViewController.swift in Sources */,
				C307CA3320290AAC0025E6C7 /* TodoListViewController.swift in Sources */,
				C307CA3120290AAC0025E6C7 /* AppDelegate.swift in Sources */,
				C3CFAD16202E558D00AA4907 /* Category.swift in Sources */,
			);
			runOnlyForDeploymentPostprocessing = 0;
		};
/* End PBXSourcesBuildPhase section */

/* Begin PBXVariantGroup section */
		C307CA3420290AAC0025E6C7 /* Main.storyboard */ = {
			isa = PBXVariantGroup;
			children = (
				C307CA3520290AAC0025E6C7 /* Base */,
			);
			name = Main.storyboard;
			sourceTree = "<group>";
		};
		C307CA3920290AAC0025E6C7 /* LaunchScreen.storyboard */ = {
			isa = PBXVariantGroup;
			children = (
				C307CA3A20290AAC0025E6C7 /* Base */,
			);
			name = LaunchScreen.storyboard;
			sourceTree = "<group>";
		};
/* End PBXVariantGroup section */

/* Begin XCBuildConfiguration section */
		C307CA3D20290AAC0025E6C7 /* Debug */ = {
			isa = XCBuildConfiguration;
			buildSettings = {
				ALWAYS_SEARCH_USER_PATHS = NO;
				CLANG_ANALYZER_NONNULL = YES;
				CLANG_ANALYZER_NUMBER_OBJECT_CONVERSION = YES_AGGRESSIVE;
				CLANG_CXX_LANGUAGE_STANDARD = "gnu++14";
				CLANG_CXX_LIBRARY = "libc++";
				CLANG_ENABLE_MODULES = YES;
				CLANG_ENABLE_OBJC_ARC = YES;
				CLANG_WARN_BLOCK_CAPTURE_AUTORELEASING = YES;
				CLANG_WARN_BOOL_CONVERSION = YES;
				CLANG_WARN_COMMA = YES;
				CLANG_WARN_CONSTANT_CONVERSION = YES;
				CLANG_WARN_DIRECT_OBJC_ISA_USAGE = YES_ERROR;
				CLANG_WARN_DOCUMENTATION_COMMENTS = YES;
				CLANG_WARN_EMPTY_BODY = YES;
				CLANG_WARN_ENUM_CONVERSION = YES;
				CLANG_WARN_INFINITE_RECURSION = YES;
				CLANG_WARN_INT_CONVERSION = YES;
				CLANG_WARN_NON_LITERAL_NULL_CONVERSION = YES;
				CLANG_WARN_OBJC_LITERAL_CONVERSION = YES;
				CLANG_WARN_OBJC_ROOT_CLASS = YES_ERROR;
				CLANG_WARN_RANGE_LOOP_ANALYSIS = YES;
				CLANG_WARN_STRICT_PROTOTYPES = YES;
				CLANG_WARN_SUSPICIOUS_MOVE = YES;
				CLANG_WARN_UNGUARDED_AVAILABILITY = YES_AGGRESSIVE;
				CLANG_WARN_UNREACHABLE_CODE = YES;
				CLANG_WARN__DUPLICATE_METHOD_MATCH = YES;
				CODE_SIGN_IDENTITY = "iPhone Developer";
				COPY_PHASE_STRIP = NO;
				DEBUG_INFORMATION_FORMAT = dwarf;
				ENABLE_STRICT_OBJC_MSGSEND = YES;
				ENABLE_TESTABILITY = YES;
				GCC_C_LANGUAGE_STANDARD = gnu11;
				GCC_DYNAMIC_NO_PIC = NO;
				GCC_NO_COMMON_BLOCKS = YES;
				GCC_OPTIMIZATION_LEVEL = 0;
				GCC_PREPROCESSOR_DEFINITIONS = (
					"DEBUG=1",
					"$(inherited)",
				);
				GCC_WARN_64_TO_32_BIT_CONVERSION = YES;
				GCC_WARN_ABOUT_RETURN_TYPE = YES_ERROR;
				GCC_WARN_UNDECLARED_SELECTOR = YES;
				GCC_WARN_UNINITIALIZED_AUTOS = YES_AGGRESSIVE;
				GCC_WARN_UNUSED_FUNCTION = YES;
				GCC_WARN_UNUSED_VARIABLE = YES;
				IPHONEOS_DEPLOYMENT_TARGET = 11.2;
				MTL_ENABLE_DEBUG_INFO = YES;
				ONLY_ACTIVE_ARCH = YES;
				SDKROOT = iphoneos;
				SWIFT_ACTIVE_COMPILATION_CONDITIONS = DEBUG;
				SWIFT_OPTIMIZATION_LEVEL = "-Onone";
			};
			name = Debug;
		};
		C307CA3E20290AAC0025E6C7 /* Release */ = {
			isa = XCBuildConfiguration;
			buildSettings = {
				ALWAYS_SEARCH_USER_PATHS = NO;
				CLANG_ANALYZER_NONNULL = YES;
				CLANG_ANALYZER_NUMBER_OBJECT_CONVERSION = YES_AGGRESSIVE;
				CLANG_CXX_LANGUAGE_STANDARD = "gnu++14";
				CLANG_CXX_LIBRARY = "libc++";
				CLANG_ENABLE_MODULES = YES;
				CLANG_ENABLE_OBJC_ARC = YES;
				CLANG_WARN_BLOCK_CAPTURE_AUTORELEASING = YES;
				CLANG_WARN_BOOL_CONVERSION = YES;
				CLANG_WARN_COMMA = YES;
				CLANG_WARN_CONSTANT_CONVERSION = YES;
				CLANG_WARN_DIRECT_OBJC_ISA_USAGE = YES_ERROR;
				CLANG_WARN_DOCUMENTATION_COMMENTS = YES;
				CLANG_WARN_EMPTY_BODY = YES;
				CLANG_WARN_ENUM_CONVERSION = YES;
				CLANG_WARN_INFINITE_RECURSION = YES;
				CLANG_WARN_INT_CONVERSION = YES;
				CLANG_WARN_NON_LITERAL_NULL_CONVERSION = YES;
				CLANG_WARN_OBJC_LITERAL_CONVERSION = YES;
				CLANG_WARN_OBJC_ROOT_CLASS = YES_ERROR;
				CLANG_WARN_RANGE_LOOP_ANALYSIS = YES;
				CLANG_WARN_STRICT_PROTOTYPES = YES;
				CLANG_WARN_SUSPICIOUS_MOVE = YES;
				CLANG_WARN_UNGUARDED_AVAILABILITY = YES_AGGRESSIVE;
				CLANG_WARN_UNREACHABLE_CODE = YES;
				CLANG_WARN__DUPLICATE_METHOD_MATCH = YES;
				CODE_SIGN_IDENTITY = "iPhone Developer";
				COPY_PHASE_STRIP = NO;
				DEBUG_INFORMATION_FORMAT = "dwarf-with-dsym";
				ENABLE_NS_ASSERTIONS = NO;
				ENABLE_STRICT_OBJC_MSGSEND = YES;
				GCC_C_LANGUAGE_STANDARD = gnu11;
				GCC_NO_COMMON_BLOCKS = YES;
				GCC_WARN_64_TO_32_BIT_CONVERSION = YES;
				GCC_WARN_ABOUT_RETURN_TYPE = YES_ERROR;
				GCC_WARN_UNDECLARED_SELECTOR = YES;
				GCC_WARN_UNINITIALIZED_AUTOS = YES_AGGRESSIVE;
				GCC_WARN_UNUSED_FUNCTION = YES;
				GCC_WARN_UNUSED_VARIABLE = YES;
				IPHONEOS_DEPLOYMENT_TARGET = 11.2;
				MTL_ENABLE_DEBUG_INFO = NO;
				SDKROOT = iphoneos;
				SWIFT_OPTIMIZATION_LEVEL = "-Owholemodule";
				VALIDATE_PRODUCT = YES;
			};
			name = Release;
		};
		C307CA4020290AAC0025E6C7 /* Debug */ = {
			isa = XCBuildConfiguration;
			baseConfigurationReference = 58A5D3060ABFC82339644875 /* Pods-Todoey.debug.xcconfig */;
			buildSettings = {
				ASSETCATALOG_COMPILER_APPICON_NAME = AppIcon;
				CODE_SIGN_STYLE = Automatic;
				INFOPLIST_FILE = Todoey/Info.plist;
				LD_RUNPATH_SEARCH_PATHS = "$(inherited) @executable_path/Frameworks";
				PRODUCT_BUNDLE_IDENTIFIER = com.ScottDaly.Todoey;
				PRODUCT_NAME = "$(TARGET_NAME)";
				SWIFT_VERSION = 4.0;
				TARGETED_DEVICE_FAMILY = "1,2";
			};
			name = Debug;
		};
		C307CA4120290AAC0025E6C7 /* Release */ = {
			isa = XCBuildConfiguration;
			baseConfigurationReference = EA3EC8B055DE15D43B2AD5A3 /* Pods-Todoey.release.xcconfig */;
			buildSettings = {
				ASSETCATALOG_COMPILER_APPICON_NAME = AppIcon;
				CODE_SIGN_STYLE = Automatic;
				INFOPLIST_FILE = Todoey/Info.plist;
				LD_RUNPATH_SEARCH_PATHS = "$(inherited) @executable_path/Frameworks";
				PRODUCT_BUNDLE_IDENTIFIER = com.ScottDaly.Todoey;
				PRODUCT_NAME = "$(TARGET_NAME)";
				SWIFT_VERSION = 4.0;
				TARGETED_DEVICE_FAMILY = "1,2";
			};
			name = Release;
		};
/* End XCBuildConfiguration section */

/* Begin XCConfigurationList section */
		C307CA2820290AAC0025E6C7 /* Build configuration list for PBXProject "Todoey" */ = {
			isa = XCConfigurationList;
			buildConfigurations = (
				C307CA3D20290AAC0025E6C7 /* Debug */,
				C307CA3E20290AAC0025E6C7 /* Release */,
			);
			defaultConfigurationIsVisible = 0;
			defaultConfigurationName = Release;
		};
		C307CA3F20290AAC0025E6C7 /* Build configuration list for PBXNativeTarget "Todoey" */ = {
			isa = XCConfigurationList;
			buildConfigurations = (
				C307CA4020290AAC0025E6C7 /* Debug */,
				C307CA4120290AAC0025E6C7 /* Release */,
			);
			defaultConfigurationIsVisible = 0;
			defaultConfigurationName = Release;
		};
/* End XCConfigurationList section */
	};
	rootObject = C307CA2520290AAC0025E6C7 /* Project object */;
}
